
Microsoft Visual Studio Solution File, Format Version 12.00
# Visual Studio 15
VisualStudioVersion = 15.0.28010.2016
MinimumVisualStudioVersion = 10.0.40219.1
Project("{FAE04EC0-301F-11D3-BF4B-00C04F79EFBC}") = "Ex35-ObserverPattern", "Ex35-ObserverPattern\Ex35-ObserverPattern.csproj", "{F39AAA33-1890-4016-8FCD-3EF49CF5F6E8}"
EndProject
Project("{FAE04EC0-301F-11D3-BF4B-00C04F79EFBC}") = "UnitTestProject1", "UnitTestProject1\UnitTestProject1.csproj", "{7E53D270-A80F-44A2-A135-028275098A49}"
EndProject
Global
	GlobalSection(SolutionConfigurationPlatforms) = preSolution
		Debug|Any CPU = Debug|Any CPU
		Release|Any CPU = Release|Any CPU
	EndGlobalSection
	GlobalSection(ProjectConfigurationPlatforms) = postSolution
		{F39AAA33-1890-4016-8FCD-3EF49CF5F6E8}.Debug|Any CPU.ActiveCfg = Debug|Any CPU
		{F39AAA33-1890-4016-8FCD-3EF49CF5F6E8}.Debug|Any CPU.Build.0 = Debug|Any CPU
		{F39AAA33-1890-4016-8FCD-3EF49CF5F6E8}.Release|Any CPU.ActiveCfg = Release|Any CPU
		{F39AAA33-1890-4016-8FCD-3EF49CF5F6E8}.Release|Any CPU.Build.0 = Release|Any CPU
		{7E53D270-A80F-44A2-A135-028275098A49}.Debug|Any CPU.ActiveCfg = Debug|Any CPU
		{7E53D270-A80F-44A2-A135-028275098A49}.Debug|Any CPU.Build.0 = Debug|Any CPU
		{7E53D270-A80F-44A2-A135-028275098A49}.Release|Any CPU.ActiveCfg = Release|Any CPU
		{7E53D270-A80F-44A2-A135-028275098A49}.Release|Any CPU.Build.0 = Release|Any CPU
	EndGlobalSection
	GlobalSection(SolutionProperties) = preSolution
		HideSolutionNode = FALSE
	EndGlobalSection
	GlobalSection(ExtensibilityGlobals) = postSolution
		SolutionGuid = {DE87D7C1-B2C1-4173-9889-86DD25CC309B}
	EndGlobalSection
EndGlobal
